
Microsoft Visual Studio Solution File, Format Version 12.00
# Visual Studio 2012
Project("{FAE04EC0-301F-11D3-BF4B-00C04F79EFBC}") = "sorting-algorithm", "sorting-algorithm\sorting-algorithm.csproj", "{2D9B4AEE-7CE2-4ACF-9FDF-23E686B2CE25}"
EndProject
Project("{2150E333-8FDC-42A3-9474-1A3956D46DE8}") = "Solution Items", "Solution Items", "{4EA480D5-DFB1-4AB6-BA69-EC903BE47910}"
	ProjectSection(SolutionItems) = preProject
		README.md = README.md
	EndProjectSection
EndProject
Global
	GlobalSection(SolutionConfigurationPlatforms) = preSolution
		Debug|Any CPU = Debug|Any CPU
		Release|Any CPU = Release|Any CPU
	EndGlobalSection
	GlobalSection(ProjectConfigurationPlatforms) = postSolution
		{2D9B4AEE-7CE2-4ACF-9FDF-23E686B2CE25}.Debug|Any CPU.ActiveCfg = Debug|Any CPU
		{2D9B4AEE-7CE2-4ACF-9FDF-23E686B2CE25}.Debug|Any CPU.Build.0 = Debug|Any CPU
		{2D9B4AEE-7CE2-4ACF-9FDF-23E686B2CE25}.Release|Any CPU.ActiveCfg = Release|Any CPU
		{2D9B4AEE-7CE2-4ACF-9FDF-23E686B2CE25}.Release|Any CPU.Build.0 = Release|Any CPU
	EndGlobalSection
EndGlobal
